
Microsoft Visual Studio Solution File, Format Version 12.00
# Visual Studio Version 17
VisualStudioVersion = 17.0.32112.339
MinimumVisualStudioVersion = 10.0.40219.1
Project("{9A19103F-16F7-4668-BE54-9A1E7A4F7556}") = "CsharpPrograms", "CsharpPrograms.csproj", "{2D3629D3-3304-4890-9953-ECD68427BE58}"
EndProject
Project("{9A19103F-16F7-4668-BE54-9A1E7A4F7556}") = "Delegates", "..\Delegates\Delegates.csproj", "{7E704D18-BBDF-4C24-9BE2-5127BF098542}"
EndProject
Project("{9A19103F-16F7-4668-BE54-9A1E7A4F7556}") = "Recurssion", "..\Recurssion\Recurssion.csproj", "{3494D3C9-6DDB-4C0C-BF15-93B8C2741537}"
EndProject
Project("{FAE04EC0-301F-11D3-BF4B-00C04F79EFBC}") = "Arrays", "..\Arrays\Arrays.csproj", "{B19DD6A1-9E44-443C-B784-664F9F26776C}"
EndProject
Global
	GlobalSection(SolutionConfigurationPlatforms) = preSolution
		Debug|Any CPU = Debug|Any CPU
		Release|Any CPU = Release|Any CPU
	EndGlobalSection
	GlobalSection(ProjectConfigurationPlatforms) = postSolution
		{2D3629D3-3304-4890-9953-ECD68427BE58}.Debug|Any CPU.ActiveCfg = Debug|Any CPU
		{2D3629D3-3304-4890-9953-ECD68427BE58}.Debug|Any CPU.Build.0 = Debug|Any CPU
		{2D3629D3-3304-4890-9953-ECD68427BE58}.Release|Any CPU.ActiveCfg = Release|Any CPU
		{2D3629D3-3304-4890-9953-ECD68427BE58}.Release|Any CPU.Build.0 = Release|Any CPU
		{7E704D18-BBDF-4C24-9BE2-5127BF098542}.Debug|Any CPU.ActiveCfg = Debug|Any CPU
		{7E704D18-BBDF-4C24-9BE2-5127BF098542}.Debug|Any CPU.Build.0 = Debug|Any CPU
		{7E704D18-BBDF-4C24-9BE2-5127BF098542}.Release|Any CPU.ActiveCfg = Release|Any CPU
		{7E704D18-BBDF-4C24-9BE2-5127BF098542}.Release|Any CPU.Build.0 = Release|Any CPU
		{3494D3C9-6DDB-4C0C-BF15-93B8C2741537}.Debug|Any CPU.ActiveCfg = Debug|Any CPU
		{3494D3C9-6DDB-4C0C-BF15-93B8C2741537}.Debug|Any CPU.Build.0 = Debug|Any CPU
		{3494D3C9-6DDB-4C0C-BF15-93B8C2741537}.Release|Any CPU.ActiveCfg = Release|Any CPU
		{3494D3C9-6DDB-4C0C-BF15-93B8C2741537}.Release|Any CPU.Build.0 = Release|Any CPU
		{B19DD6A1-9E44-443C-B784-664F9F26776C}.Debug|Any CPU.ActiveCfg = Debug|Any CPU
		{B19DD6A1-9E44-443C-B784-664F9F26776C}.Debug|Any CPU.Build.0 = Debug|Any CPU
		{B19DD6A1-9E44-443C-B784-664F9F26776C}.Release|Any CPU.ActiveCfg = Release|Any CPU
		{B19DD6A1-9E44-443C-B784-664F9F26776C}.Release|Any CPU.Build.0 = Release|Any CPU
	EndGlobalSection
	GlobalSection(SolutionProperties) = preSolution
		HideSolutionNode = FALSE
	EndGlobalSection
	GlobalSection(ExtensibilityGlobals) = postSolution
		SolutionGuid = {807AA43A-A20D-4DA7-8744-BA283671A7A1}
	EndGlobalSection
EndGlobal
